{
    "requires": true,
    "lockfileVersion": 1,
    "dependencies": {
        "framework7-plugin-keypad": {
            "version": "3.0.1",
            "resolved": "https://registry.npmjs.org/framework7-plugin-keypad/-/framework7-plugin-keypad-3.0.1.tgz",
            "integrity": "sha512-9DUUTSb6j5J9itqBAJJHCh1aGFDIKUrtJWhQHOXUgZti/TUdC734+rhvDylnLaHYxNl0oPSgbrTJ5mjiag1M6A=="
        }
    }
}
