{
  "requires": true,
  "lockfileVersion": 1,
  "dependencies": {
    "blueimp-load-image": {
      "version": "5.5.0",
      "resolved": "https://registry.npmjs.org/blueimp-load-image/-/blueimp-load-image-5.5.0.tgz",
      "integrity": "sha512-ca+ZnY5mquibckewjN+IY2NoQJpV5wq1mgbG7PXtysbj8nCZ+U90fyFCFZ4Enh5kZ98tgsVEr61HoCCME+qDgA=="
    }
  }
}
